
Microsoft Visual Studio Solution File, Format Version 12.00
# Visual Studio Version 17
VisualStudioVersion = 17.0.31919.166
MinimumVisualStudioVersion = 10.0.40219.1
Project("{FAE04EC0-301F-11D3-BF4B-00C04F79EFBC}") = "RequestServiceWithPolly", "RequestServiceWithPolly\RequestServiceWithPolly.csproj", "{E80483A1-FEDE-4D16-A6E9-8CC1B6291DDC}"
EndProject
Global
	GlobalSection(SolutionConfigurationPlatforms) = preSolution
		Debug|Any CPU = Debug|Any CPU
		Release|Any CPU = Release|Any CPU
	EndGlobalSection
	GlobalSection(ProjectConfigurationPlatforms) = postSolution
		{E80483A1-FEDE-4D16-A6E9-8CC1B6291DDC}.Debug|Any CPU.ActiveCfg = Debug|Any CPU
		{E80483A1-FEDE-4D16-A6E9-8CC1B6291DDC}.Debug|Any CPU.Build.0 = Debug|Any CPU
		{E80483A1-FEDE-4D16-A6E9-8CC1B6291DDC}.Release|Any CPU.ActiveCfg = Release|Any CPU
		{E80483A1-FEDE-4D16-A6E9-8CC1B6291DDC}.Release|Any CPU.Build.0 = Release|Any CPU
	EndGlobalSection
	GlobalSection(SolutionProperties) = preSolution
		HideSolutionNode = FALSE
	EndGlobalSection
	GlobalSection(ExtensibilityGlobals) = postSolution
		SolutionGuid = {3CB851B7-2267-4581-B3A8-6FE5DCE4979C}
	EndGlobalSection
EndGlobal
